
Microsoft Visual Studio Solution File, Format Version 12.00
# Visual Studio Version 17
VisualStudioVersion = 17.2.32630.192
MinimumVisualStudioVersion = 10.0.40219.1
Project("{FAE04EC0-301F-11D3-BF4B-00C04F79EFBC}") = "Variables", "Variables\Variables.csproj", "{1B95073D-26FA-4589-9DBD-2C3C71E8BD3C}"
EndProject
Global
	GlobalSection(SolutionConfigurationPlatforms) = preSolution
		Debug|Any CPU = Debug|Any CPU
		Release|Any CPU = Release|Any CPU
	EndGlobalSection
	GlobalSection(ProjectConfigurationPlatforms) = postSolution
		{1B95073D-26FA-4589-9DBD-2C3C71E8BD3C}.Debug|Any CPU.ActiveCfg = Debug|Any CPU
		{1B95073D-26FA-4589-9DBD-2C3C71E8BD3C}.Debug|Any CPU.Build.0 = Debug|Any CPU
		{1B95073D-26FA-4589-9DBD-2C3C71E8BD3C}.Release|Any CPU.ActiveCfg = Release|Any CPU
		{1B95073D-26FA-4589-9DBD-2C3C71E8BD3C}.Release|Any CPU.Build.0 = Release|Any CPU
	EndGlobalSection
	GlobalSection(SolutionProperties) = preSolution
		HideSolutionNode = FALSE
	EndGlobalSection
	GlobalSection(ExtensibilityGlobals) = postSolution
		SolutionGuid = {DF8B4A80-06E6-4A95-ACCB-296FB6E3546A}
	EndGlobalSection
EndGlobal
